
Microsoft Visual Studio Solution File, Format Version 12.00
# Visual Studio Version 17
VisualStudioVersion = 17.7.34031.279
MinimumVisualStudioVersion = 10.0.40219.1
Project("{FAE04EC0-301F-11D3-BF4B-00C04F79EFBC}") = "ConsoleApp1", "ConsoleApp1\ConsoleApp1.csproj", "{CC5BE8FC-9DDF-4A9C-A7C4-4110E3DC1F91}"
EndProject
Global
	GlobalSection(SolutionConfigurationPlatforms) = preSolution
		Debug|Any CPU = Debug|Any CPU
		Release|Any CPU = Release|Any CPU
	EndGlobalSection
	GlobalSection(ProjectConfigurationPlatforms) = postSolution
		{CC5BE8FC-9DDF-4A9C-A7C4-4110E3DC1F91}.Debug|Any CPU.ActiveCfg = Debug|Any CPU
		{CC5BE8FC-9DDF-4A9C-A7C4-4110E3DC1F91}.Debug|Any CPU.Build.0 = Debug|Any CPU
		{CC5BE8FC-9DDF-4A9C-A7C4-4110E3DC1F91}.Release|Any CPU.ActiveCfg = Release|Any CPU
		{CC5BE8FC-9DDF-4A9C-A7C4-4110E3DC1F91}.Release|Any CPU.Build.0 = Release|Any CPU
	EndGlobalSection
	GlobalSection(SolutionProperties) = preSolution
		HideSolutionNode = FALSE
	EndGlobalSection
	GlobalSection(ExtensibilityGlobals) = postSolution
		SolutionGuid = {AB4ED530-0DB9-4B24-BDB0-38F56FD1D1E7}
	EndGlobalSection
EndGlobal
